
Microsoft Visual Studio Solution File, Format Version 12.00
# Visual Studio Version 17
VisualStudioVersion = 17.1.32414.318
MinimumVisualStudioVersion = 10.0.40219.1
Project("{FAE04EC0-301F-11D3-BF4B-00C04F79EFBC}") = "IceCream", "IceCream.csproj", "{A3E25B98-859A-4666-9023-B9FD832982BB}"
EndProject
Global
	GlobalSection(SolutionConfigurationPlatforms) = preSolution
		Debug|Any CPU = Debug|Any CPU
		Release|Any CPU = Release|Any CPU
	EndGlobalSection
	GlobalSection(ProjectConfigurationPlatforms) = postSolution
		{A3E25B98-859A-4666-9023-B9FD832982BB}.Debug|Any CPU.ActiveCfg = Debug|Any CPU
		{A3E25B98-859A-4666-9023-B9FD832982BB}.Debug|Any CPU.Build.0 = Debug|Any CPU
		{A3E25B98-859A-4666-9023-B9FD832982BB}.Release|Any CPU.ActiveCfg = Release|Any CPU
		{A3E25B98-859A-4666-9023-B9FD832982BB}.Release|Any CPU.Build.0 = Release|Any CPU
	EndGlobalSection
	GlobalSection(SolutionProperties) = preSolution
		HideSolutionNode = FALSE
	EndGlobalSection
	GlobalSection(ExtensibilityGlobals) = postSolution
		SolutionGuid = {CE21A029-CC7C-4B71-AFAE-3063C9C50F95}
	EndGlobalSection
EndGlobal
